// !$*UTF8*$!
{
	archiveVersion = 1;
	classes = {
	};
	objectVersion = 46;
	objects = {

/* Begin PBXBuildFile section */
		B8E15EC71A01AB1400359969 /* main.m in Sources */ = {isa = PBXBuildFile; fileRef = B8E15EC61A01AB1400359969 /* main.m */; };
		B8E15ECA1A01AB1400359969 /* AppDelegate.m in Sources */ = {isa = PBXBuildFile; fileRef = B8E15EC91A01AB1400359969 /* AppDelegate.m */; };
		B8E15ECD1A01AB1400359969 /* GameScene.m in Sources */ = {isa = PBXBuildFile; fileRef = B8E15ECC1A01AB1400359969 /* GameScene.m */; };
		B8E15ECF1A01AB1400359969 /* GameScene.sks in Resources */ = {isa = PBXBuildFile; fileRef = B8E15ECE1A01AB1400359969 /* GameScene.sks */; };
		B8E15ED21A01AB1400359969 /* GameViewController.m in Sources */ = {isa = PBXBuildFile; fileRef = B8E15ED11A01AB1400359969 /* GameViewController.m */; };
		B8E15ED51A01AB1400359969 /* Main.storyboard in Resources */ = {isa = PBXBuildFile; fileRef = B8E15ED31A01AB1400359969 /* Main.storyboard */; };
		B8E15ED71A01AB1400359969 /* Images.xcassets in Resources */ = {isa = PBXBuildFile; fileRef = B8E15ED61A01AB1400359969 /* Images.xcassets */; };
		B8E15EDA1A01AB1400359969 /* LaunchScreen.xib in Resources */ = {isa = PBXBuildFile; fileRef = B8E15ED81A01AB1400359969 /* LaunchScreen.xib */; };
		B8E15EE61A01AB1400359969 /* testTests.m in Sources */ = {isa = PBXBuildFile; fileRef = B8E15EE51A01AB1400359969 /* testTests.m */; };
/* End PBXBuildFile section */

/* Begin PBXContainerItemProxy section */
		B8E15EE01A01AB1400359969 /* PBXContainerItemProxy */ = {
			isa = PBXContainerItemProxy;
			containerPortal = B8E15EB91A01AB1400359969 /* Project object */;
			proxyType = 1;
			remoteGlobalIDString = B8E15EC01A01AB1400359969;
			remoteInfo = test;
		};
/* End PBXContainerItemProxy section */

/* Begin PBXFileReference section */
		B8E15EC11A01AB1400359969 /* test.app */ = {isa = PBXFileReference; explicitFileType = wrapper.application; includeInIndex = 0; path = test.app; sourceTree = BUILT_PRODUCTS_DIR; };
		B8E15EC51A01AB1400359969 /* Info.plist */ = {isa = PBXFileReference; lastKnownFileType = text.plist.xml; path = Info.plist; sourceTree = "<group>"; };
		B8E15EC61A01AB1400359969 /* main.m */ = {isa = PBXFileReference; lastKnownFileType = sourcecode.c.objc; path = main.m; sourceTree = "<group>"; };
		B8E15EC81A01AB1400359969 /* AppDelegate.h */ = {isa = PBXFileReference; lastKnownFileType = sourcecode.c.h; path = AppDelegate.h; sourceTree = "<group>"; };
		B8E15EC91A01AB1400359969 /* AppDelegate.m */ = {isa = PBXFileReference; lastKnownFileType = sourcecode.c.objc; path = AppDelegate.m; sourceTree = "<group>"; };
		B8E15ECB1A01AB1400359969 /* GameScene.h */ = {isa = PBXFileReference; lastKnownFileType = sourcecode.c.h; path = GameScene.h; sourceTree = "<group>"; };
		B8E15ECC1A01AB1400359969 /* GameScene.m */ = {isa = PBXFileReference; lastKnownFileType = sourcecode.c.objc; path = GameScene.m; sourceTree = "<group>"; };
		B8E15ECE1A01AB1400359969 /* GameScene.sks */ = {isa = PBXFileReference; lastKnownFileType = file.sks; path = GameScene.sks; sourceTree = "<group>"; };
		B8E15ED01A01AB1400359969 /* GameViewController.h */ = {isa = PBXFileReference; lastKnownFileType = sourcecode.c.h; path = GameViewController.h; sourceTree = "<group>"; };
		B8E15ED11A01AB1400359969 /* GameViewController.m */ = {isa = PBXFileReference; lastKnownFileType = sourcecode.c.objc; path = GameViewController.m; sourceTree = "<group>"; };
		B8E15ED41A01AB1400359969 /* Base */ = {isa = PBXFileReference; lastKnownFileType = file.storyboard; name = Base; path = Base.lproj/Main.storyboard; sourceTree = "<group>"; };
		B8E15ED61A01AB1400359969 /* Images.xcassets */ = {isa = PBXFileReference; lastKnownFileType = folder.assetcatalog; path = Images.xcassets; sourceTree = "<group>"; };
		B8E15ED91A01AB1400359969 /* Base */ = {isa = PBXFileReference; lastKnownFileType = file.xib; name = Base; path = Base.lproj/LaunchScreen.xib; sourceTree = "<group>"; };
		B8E15EDF1A01AB1400359969 /* testTests.xctest */ = {isa = PBXFileReference; explicitFileType = wrapper.cfbundle; includeInIndex = 0; path = testTests.xctest; sourceTree = BUILT_PRODUCTS_DIR; };
		B8E15EE41A01AB1400359969 /* Info.plist */ = {isa = PBXFileReference; lastKnownFileType = text.plist.xml; path = Info.plist; sourceTree = "<group>"; };
		B8E15EE51A01AB1400359969 /* testTests.m */ = {isa = PBXFileReference; lastKnownFileType = sourcecode.c.objc; path = testTests.m; sourceTree = "<group>"; };
/* End PBXFileReference section */

/* Begin PBXFrameworksBuildPhase section */
		B8E15EBE1A01AB1400359969 /* Frameworks */ = {
			isa = PBXFrameworksBuildPhase;
			buildActionMask = 2147483647;
			files = (
			);
			runOnlyForDeploymentPostprocessing = 0;
		};
		B8E15EDC1A01AB1400359969 /* Frameworks */ = {
			isa = PBXFrameworksBuildPhase;
			buildActionMask = 2147483647;
			files = (
			);
			runOnlyForDeploymentPostprocessing = 0;
		};
/* End PBXFrameworksBuildPhase section */

/* Begin PBXGroup section */
		B8E15EB81A01AB1400359969 = {
			isa = PBXGroup;
			children = (
				B8E15EC31A01AB1400359969 /* test */,
				B8E15EE21A01AB1400359969 /* testTests */,
				B8E15EC21A01AB1400359969 /* Products */,
			);
			sourceTree = "<group>";
		};
		B8E15EC21A01AB1400359969 /* Products */ = {
			isa = PBXGroup;
			children = (
				B8E15EC11A01AB1400359969 /* test.app */,
				B8E15EDF1A01AB1400359969 /* testTests.xctest */,
			);
			name = Products;
			sourceTree = "<group>";
		};
		B8E15EC31A01AB1400359969 /* test */ = {
			isa = PBXGroup;
			children = (
				B8E15EC81A01AB1400359969 /* AppDelegate.h */,
				B8E15EC91A01AB1400359969 /* AppDelegate.m */,
				B8E15ECB1A01AB1400359969 /* GameScene.h */,
				B8E15ECC1A01AB1400359969 /* GameScene.m */,
				B8E15ECE1A01AB1400359969 /* GameScene.sks */,
				B8E15ED01A01AB1400359969 /* GameViewController.h */,
				B8E15ED11A01AB1400359969 /* GameViewController.m */,
				B8E15ED31A01AB1400359969 /* Main.storyboard */,
				B8E15ED61A01AB1400359969 /* Images.xcassets */,
				B8E15ED81A01AB1400359969 /* LaunchScreen.xib */,
				B8E15EC41A01AB1400359969 /* Supporting Files */,
			);
			path = test;
			sourceTree = "<group>";
		};
		B8E15EC41A01AB1400359969 /* Supporting Files */ = {
			isa = PBXGroup;
			children = (
				B8E15EC51A01AB1400359969 /* Info.plist */,
				B8E15EC61A01AB1400359969 /* main.m */,
			);
			name = "Supporting Files";
			sourceTree = "<group>";
		};
		B8E15EE21A01AB1400359969 /* testTests */ = {
			isa = PBXGroup;
			children = (
				B8E15EE51A01AB1400359969 /* testTests.m */,
				B8E15EE31A01AB1400359969 /* Supporting Files */,
			);
			path = testTests;
			sourceTree = "<group>";
		};
		B8E15EE31A01AB1400359969 /* Supporting Files */ = {
			isa = PBXGroup;
			children = (
				B8E15EE41A01AB1400359969 /* Info.plist */,
			);
			name = "Supporting Files";
			sourceTree = "<group>";
		};
/* End PBXGroup section */

/* Begin PBXNativeTarget section */
		B8E15EC01A01AB1400359969 /* test */ = {
			isa = PBXNativeTarget;
			buildConfigurationList = B8E15EE91A01AB1400359969 /* Build configuration list for PBXNativeTarget "test" */;
			buildPhases = (
				B8E15EBD1A01AB1400359969 /* Sources */,
				B8E15EBE1A01AB1400359969 /* Frameworks */,
				B8E15EBF1A01AB1400359969 /* Resources */,
			);
			buildRules = (
			);
			dependencies = (
			);
			name = test;
			productName = test;
			productReference = B8E15EC11A01AB1400359969 /* test.app */;
			productType = "com.apple.product-type.application";
		};
		B8E15EDE1A01AB1400359969 /* testTests */ = {
			isa = PBXNativeTarget;
			buildConfigurationList = B8E15EEC1A01AB1400359969 /* Build configuration list for PBXNativeTarget "testTests" */;
			buildPhases = (
				B8E15EDB1A01AB1400359969 /* Sources */,
				B8E15EDC1A01AB1400359969 /* Frameworks */,
				B8E15EDD1A01AB1400359969 /* Resources */,
			);
			buildRules = (
			);
			dependencies = (
				B8E15EE11A01AB1400359969 /* PBXTargetDependency */,
			);
			name = testTests;
			productName = testTests;
			productReference = B8E15EDF1A01AB1400359969 /* testTests.xctest */;
			productType = "com.apple.product-type.bundle.unit-test";
		};
/* End PBXNativeTarget section */

/* Begin PBXProject section */
		B8E15EB91A01AB1400359969 /* Project object */ = {
			isa = PBXProject;
			attributes = {
				LastUpgradeCheck = 0610;
				ORGANIZATIONNAME = "Elijah Freestone";
				TargetAttributes = {
					B8E15EC01A01AB1400359969 = {
						CreatedOnToolsVersion = 6.1;
					};
					B8E15EDE1A01AB1400359969 = {
						CreatedOnToolsVersion = 6.1;
						TestTargetID = B8E15EC01A01AB1400359969;
					};
				};
			};
			buildConfigurationList = B8E15EBC1A01AB1400359969 /* Build configuration list for PBXProject "test" */;
			compatibilityVersion = "Xcode 3.2";
			developmentRegion = English;
			hasScannedForEncodings = 0;
			knownRegions = (
				en,
				Base,
			);
			mainGroup = B8E15EB81A01AB1400359969;
			productRefGroup = B8E15EC21A01AB1400359969 /* Products */;
			projectDirPath = "";
			projectRoot = "";
			targets = (
				B8E15EC01A01AB1400359969 /* test */,
				B8E15EDE1A01AB1400359969 /* testTests */,
			);
		};
/* End PBXProject section */

/* Begin PBXResourcesBuildPhase section */
		B8E15EBF1A01AB1400359969 /* Resources */ = {
			isa = PBXResourcesBuildPhase;
			buildActionMask = 2147483647;
			files = (
				B8E15EDA1A01AB1400359969 /* LaunchScreen.xib in Resources */,
				B8E15ED71A01AB1400359969 /* Images.xcassets in Resources */,
				B8E15ECF1A01AB1400359969 /* GameScene.sks in Resources */,
				B8E15ED51A01AB1400359969 /* Main.storyboard in Resources */,
			);
			runOnlyForDeploymentPostprocessing = 0;
		};
		B8E15EDD1A01AB1400359969 /* Resources */ = {
			isa = PBXResourcesBuildPhase;
			buildActionMask = 2147483647;
			files = (
			);
			runOnlyForDeploymentPostprocessing = 0;
		};
/* End PBXResourcesBuildPhase section */

/* Begin PBXSourcesBuildPhase section */
		B8E15EBD1A01AB1400359969 /* Sources */ = {
			isa = PBXSourcesBuildPhase;
			buildActionMask = 2147483647;
			files = (
				B8E15ED21A01AB1400359969 /* GameViewController.m in Sources */,
				B8E15ECA1A01AB1400359969 /* AppDelegate.m in Sources */,
				B8E15ECD1A01AB1400359969 /* GameScene.m in Sources */,
				B8E15EC71A01AB1400359969 /* main.m in Sources */,
			);
			runOnlyForDeploymentPostprocessing = 0;
		};
		B8E15EDB1A01AB1400359969 /* Sources */ = {
			isa = PBXSourcesBuildPhase;
			buildActionMask = 2147483647;
			files = (
				B8E15EE61A01AB1400359969 /* testTests.m in Sources */,
			);
			runOnlyForDeploymentPostprocessing = 0;
		};
/* End PBXSourcesBuildPhase section */

/* Begin PBXTargetDependency section */
		B8E15EE11A01AB1400359969 /* PBXTargetDependency */ = {
			isa = PBXTargetDependency;
			target = B8E15EC01A01AB1400359969 /* test */;
			targetProxy = B8E15EE01A01AB1400359969 /* PBXContainerItemProxy */;
		};
/* End PBXTargetDependency section */

/* Begin PBXVariantGroup section */
		B8E15ED31A01AB1400359969 /* Main.storyboard */ = {
			isa = PBXVariantGroup;
			children = (
				B8E15ED41A01AB1400359969 /* Base */,
			);
			name = Main.storyboard;
			sourceTree = "<group>";
		};
		B8E15ED81A01AB1400359969 /* LaunchScreen.xib */ = {
			isa = PBXVariantGroup;
			children = (
				B8E15ED91A01AB1400359969 /* Base */,
			);
			name = LaunchScreen.xib;
			sourceTree = "<group>";
		};
/* End PBXVariantGroup section */

/* Begin XCBuildConfiguration section */
		B8E15EE71A01AB1400359969 /* Debug */ = {
			isa = XCBuildConfiguration;
			buildSettings = {
				ALWAYS_SEARCH_USER_PATHS = NO;
				CLANG_CXX_LANGUAGE_STANDARD = "gnu++0x";
				CLANG_CXX_LIBRARY = "libc++";
				CLANG_ENABLE_MODULES = YES;
				CLANG_ENABLE_OBJC_ARC = YES;
				CLANG_WARN_BOOL_CONVERSION = YES;
				CLANG_WARN_CONSTANT_CONVERSION = YES;
				CLANG_WARN_DIRECT_OBJC_ISA_USAGE = YES_ERROR;
				CLANG_WARN_EMPTY_BODY = YES;
				CLANG_WARN_ENUM_CONVERSION = YES;
				CLANG_WARN_INT_CONVERSION = YES;
				CLANG_WARN_OBJC_ROOT_CLASS = YES_ERROR;
				CLANG_WARN_UNREACHABLE_CODE = YES;
				CLANG_WARN__DUPLICATE_METHOD_MATCH = YES;
				"CODE_SIGN_IDENTITY[sdk=iphoneos*]" = "iPhone Developer";
				COPY_PHASE_STRIP = NO;
				ENABLE_STRICT_OBJC_MSGSEND = YES;
				GCC_C_LANGUAGE_STANDARD = gnu99;
				GCC_DYNAMIC_NO_PIC = NO;
				GCC_OPTIMIZATION_LEVEL = 0;
				GCC_PREPROCESSOR_DEFINITIONS = (
					"DEBUG=1",
					"$(inherited)",
				);
				GCC_SYMBOLS_PRIVATE_EXTERN = NO;
				GCC_WARN_64_TO_32_BIT_CONVERSION = YES;
				GCC_WARN_ABOUT_RETURN_TYPE = YES_ERROR;
				GCC_WARN_UNDECLARED_SELECTOR = YES;
				GCC_WARN_UNINITIALIZED_AUTOS = YES_AGGRESSIVE;
				GCC_WARN_UNUSED_FUNCTION = YES;
				GCC_WARN_UNUSED_VARIABLE = YES;
				IPHONEOS_DEPLOYMENT_TARGET = 8.1;
				MTL_ENABLE_DEBUG_INFO = YES;
				ONLY_ACTIVE_ARCH = YES;
				SDKROOT = iphoneos;
				TARGETED_DEVICE_FAMILY = "1,2";
			};
			name = Debug;
		};
		B8E15EE81A01AB1400359969 /* Release */ = {
			isa = XCBuildConfiguration;
			buildSettings = {
				ALWAYS_SEARCH_USER_PATHS = NO;
				CLANG_CXX_LANGUAGE_STANDARD = "gnu++0x";
				CLANG_CXX_LIBRARY = "libc++";
				CLANG_ENABLE_MODULES = YES;
				CLANG_ENABLE_OBJC_ARC = YES;
				CLANG_WARN_BOOL_CONVERSION = YES;
				CLANG_WARN_CONSTANT_CONVERSION = YES;
				CLANG_WARN_DIRECT_OBJC_ISA_USAGE = YES_ERROR;
				CLANG_WARN_EMPTY_BODY = YES;
				CLANG_WARN_ENUM_CONVERSION = YES;
				CLANG_WARN_INT_CONVERSION = YES;
				CLANG_WARN_OBJC_ROOT_CLASS = YES_ERROR;
				CLANG_WARN_UNREACHABLE_CODE = YES;
				CLANG_WARN__DUPLICATE_METHOD_MATCH = YES;
				"CODE_SIGN_IDENTITY[sdk=iphoneos*]" = "iPhone Developer";
				COPY_PHASE_STRIP = YES;
				ENABLE_NS_ASSERTIONS = NO;
				ENABLE_STRICT_OBJC_MSGSEND = YES;
				GCC_C_LANGUAGE_STANDARD = gnu99;
				GCC_WARN_64_TO_32_BIT_CONVERSION = YES;
				GCC_WARN_ABOUT_RETURN_TYPE = YES_ERROR;
				GCC_WARN_UNDECLARED_SELECTOR = YES;
				GCC_WARN_UNINITIALIZED_AUTOS = YES_AGGRESSIVE;
				GCC_WARN_UNUSED_FUNCTION = YES;
				GCC_WARN_UNUSED_VARIABLE = YES;
				IPHONEOS_DEPLOYMENT_TARGET = 8.1;
				MTL_ENABLE_DEBUG_INFO = NO;
				SDKROOT = iphoneos;
				TARGETED_DEVICE_FAMILY = "1,2";
				VALIDATE_PRODUCT = YES;
			};
			name = Release;
		};
		B8E15EEA1A01AB1400359969 /* Debug */ = {
			isa = XCBuildConfiguration;
			buildSettings = {
				ASSETCATALOG_COMPILER_APPICON_NAME = AppIcon;
				INFOPLIST_FILE = test/Info.plist;
				LD_RUNPATH_SEARCH_PATHS = "$(inherited) @executable_path/Frameworks";
				PRODUCT_NAME = "$(TARGET_NAME)";
			};
			name = Debug;
		};
		B8E15EEB1A01AB1400359969 /* Release */ = {
			isa = XCBuildConfiguration;
			buildSettings = {
				ASSETCATALOG_COMPILER_APPICON_NAME = AppIcon;
				INFOPLIST_FILE = test/Info.plist;
				LD_RUNPATH_SEARCH_PATHS = "$(inherited) @executable_path/Frameworks";
				PRODUCT_NAME = "$(TARGET_NAME)";
			};
			name = Release;
		};
		B8E15EED1A01AB1400359969 /* Debug */ = {
			isa = XCBuildConfiguration;
			buildSettings = {
				BUNDLE_LOADER = "$(TEST_HOST)";
				FRAMEWORK_SEARCH_PATHS = (
					"$(SDKROOT)/Developer/Library/Frameworks",
					"$(inherited)",
				);
				GCC_PREPROCESSOR_DEFINITIONS = (
					"DEBUG=1",
					"$(inherited)",
				);
				INFOPLIST_FILE = testTests/Info.plist;
				LD_RUNPATH_SEARCH_PATHS = "$(inherited) @executable_path/Frameworks @loader_path/Frameworks";
				PRODUCT_NAME = "$(TARGET_NAME)";
				TEST_HOST = "$(BUILT_PRODUCTS_DIR)/test.app/test";
			};
			name = Debug;
		};
		B8E15EEE1A01AB1400359969 /* Release */ = {
			isa = XCBuildConfiguration;
			buildSettings = {
				BUNDLE_LOADER = "$(TEST_HOST)";
				FRAMEWORK_SEARCH_PATHS = (
					"$(SDKROOT)/Developer/Library/Frameworks",
					"$(inherited)",
				);
				INFOPLIST_FILE = testTests/Info.plist;
				LD_RUNPATH_SEARCH_PATHS = "$(inherited) @executable_path/Frameworks @loader_path/Frameworks";
				PRODUCT_NAME = "$(TARGET_NAME)";
				TEST_HOST = "$(BUILT_PRODUCTS_DIR)/test.app/test";
			};
			name = Release;
		};
/* End XCBuildConfiguration section */

/* Begin XCConfigurationList section */
		B8E15EBC1A01AB1400359969 /* Build configuration list for PBXProject "test" */ = {
			isa = XCConfigurationList;
			buildConfigurations = (
				B8E15EE71A01AB1400359969 /* Debug */,
				B8E15EE81A01AB1400359969 /* Release */,
			);
			defaultConfigurationIsVisible = 0;
			defaultConfigurationName = Release;
		};
		B8E15EE91A01AB1400359969 /* Build configuration list for PBXNativeTarget "test" */ = {
			isa = XCConfigurationList;
			buildConfigurations = (
				B8E15EEA1A01AB1400359969 /* Debug */,
				B8E15EEB1A01AB1400359969 /* Release */,
			);
			defaultConfigurationIsVisible = 0;
		};
		B8E15EEC1A01AB1400359969 /* Build configuration list for PBXNativeTarget "testTests" */ = {
			isa = XCConfigurationList;
			buildConfigurations = (
				B8E15EED1A01AB1400359969 /* Debug */,
				B8E15EEE1A01AB1400359969 /* Release */,
			);
			defaultConfigurationIsVisible = 0;
		};
/* End XCConfigurationList section */
	};
	rootObject = B8E15EB91A01AB1400359969 /* Project object */;
}
